
Microsoft Visual Studio Solution File, Format Version 10.00
# Visual C++ Express 2008
Project("{8BC9CEB8-8B4A-11D0-8D11-00A0C91BC942}") = "USBRadio", "USBRadio.vcproj", "{9D947522-EC88-4418-AFFA-80857B35AB15}"
EndProject
Global
	GlobalSection(SolutionConfigurationPlatforms) = preSolution
		Debug|Win32 = Debug|Win32
		Other|Win32 = Other|Win32
		Release|Win32 = Release|Win32
	EndGlobalSection
	GlobalSection(ProjectConfigurationPlatforms) = postSolution
		{9D947522-EC88-4418-AFFA-80857B35AB15}.Debug|Win32.ActiveCfg = Debug|Win32
		{9D947522-EC88-4418-AFFA-80857B35AB15}.Debug|Win32.Build.0 = Debug|Win32
		{9D947522-EC88-4418-AFFA-80857B35AB15}.Other|Win32.ActiveCfg = Other|Win32
		{9D947522-EC88-4418-AFFA-80857B35AB15}.Other|Win32.Build.0 = Other|Win32
		{9D947522-EC88-4418-AFFA-80857B35AB15}.Release|Win32.ActiveCfg = Release|Win32
		{9D947522-EC88-4418-AFFA-80857B35AB15}.Release|Win32.Build.0 = Release|Win32
	EndGlobalSection
	GlobalSection(SolutionProperties) = preSolution
		HideSolutionNode = FALSE
	EndGlobalSection
EndGlobal
